
Microsoft Visual Studio Solution File, Format Version 12.00
# Visual Studio Version 17
VisualStudioVersion = 17.14.36221.1 d17.14
MinimumVisualStudioVersion = 10.0.40219.1
Project("{FAE04EC0-301F-11D3-BF4B-00C04F79EFBC}") = "Ejercicio5", "Ejercicio5\Ejercicio5.csproj", "{93003606-7E4D-44AF-91D4-A92C7A0A92FE}"
EndProject
Global
	GlobalSection(SolutionConfigurationPlatforms) = preSolution
		Debug|Any CPU = Debug|Any CPU
		Release|Any CPU = Release|Any CPU
	EndGlobalSection
	GlobalSection(ProjectConfigurationPlatforms) = postSolution
		{93003606-7E4D-44AF-91D4-A92C7A0A92FE}.Debug|Any CPU.ActiveCfg = Debug|Any CPU
		{93003606-7E4D-44AF-91D4-A92C7A0A92FE}.Debug|Any CPU.Build.0 = Debug|Any CPU
		{93003606-7E4D-44AF-91D4-A92C7A0A92FE}.Release|Any CPU.ActiveCfg = Release|Any CPU
		{93003606-7E4D-44AF-91D4-A92C7A0A92FE}.Release|Any CPU.Build.0 = Release|Any CPU
	EndGlobalSection
	GlobalSection(SolutionProperties) = preSolution
		HideSolutionNode = FALSE
	EndGlobalSection
	GlobalSection(ExtensibilityGlobals) = postSolution
		SolutionGuid = {DB607C49-C951-4850-B75C-D02DFC94BC93}
	EndGlobalSection
EndGlobal
